
Microsoft Visual Studio Solution File, Format Version 12.00
# Visual Studio 15
VisualStudioVersion = 15.0.27130.2026
MinimumVisualStudioVersion = 10.0.40219.1
Project("{9A19103F-16F7-4668-BE54-9A1E7A4F7556}") = "AzureFunctionAutoPhone", "AzureFunctionAutoPhone\AzureFunctionAutoPhone.csproj", "{DEA4011F-3C5E-4A98-A6DF-6EEAF5BD6C90}"
EndProject
Global
	GlobalSection(SolutionConfigurationPlatforms) = preSolution
		Debug|Any CPU = Debug|Any CPU
		Release|Any CPU = Release|Any CPU
	EndGlobalSection
	GlobalSection(ProjectConfigurationPlatforms) = postSolution
		{DEA4011F-3C5E-4A98-A6DF-6EEAF5BD6C90}.Debug|Any CPU.ActiveCfg = Debug|Any CPU
		{DEA4011F-3C5E-4A98-A6DF-6EEAF5BD6C90}.Debug|Any CPU.Build.0 = Debug|Any CPU
		{DEA4011F-3C5E-4A98-A6DF-6EEAF5BD6C90}.Release|Any CPU.ActiveCfg = Release|Any CPU
		{DEA4011F-3C5E-4A98-A6DF-6EEAF5BD6C90}.Release|Any CPU.Build.0 = Release|Any CPU
	EndGlobalSection
	GlobalSection(SolutionProperties) = preSolution
		HideSolutionNode = FALSE
	EndGlobalSection
	GlobalSection(ExtensibilityGlobals) = postSolution
		SolutionGuid = {8FA23727-051C-4E64-88B7-EDB01A817634}
	EndGlobalSection
EndGlobal
